[[package]]
category = "main"
description = "File support for asyncio."
name = "aiofiles"
optional = false
python-versions = "*"
version = "0.5.0"

[[package]]
category = "main"
description = "Async http client/server framework (asyncio)"
name = "aiohttp"
optional = false
python-versions = ">=3.5.3"
version = "3.6.2"

[package.dependencies]
async-timeout = ">=3.0,<4.0"
attrs = ">=17.3.0"
chardet = ">=2.0,<4.0"
multidict = ">=4.5,<5.0"
yarl = ">=1.0,<2.0"

[package.extras]
speedups = ["aiodns", "brotlipy", "cchardet"]

[[package]]
category = "main"
description = "asyncio bridge to the standard sqlite3 module"
name = "aiosqlite"
optional = false
python-versions = ">=3.6"
version = "0.15.0"

[package.dependencies]
typing_extensions = "*"

[[package]]
category = "main"
description = "A small Python module for determining appropriate platform-specific dirs, e.g. a \"user data dir\"."
name = "appdirs"
optional = false
python-versions = "*"
version = "1.4.4"

[[package]]
category = "main"
description = "Timeout context manager for asyncio programs"
name = "async-timeout"
optional = false
python-versions = ">=3.5.3"
version = "3.0.1"

[[package]]
category = "main"
description = "Classes Without Boilerplate"
name = "attrs"
optional = false
python-versions = ">=2.7, !=3.0.*, !=3.1.*, !=3.2.*, !=3.3.*"
version = "20.2.0"

[package.extras]
dev = ["coverage (>=5.0.2)", "hypothesis", "pympler", "pytest (>=4.3.0)", "six", "zope.interface", "sphinx", "sphinx-rtd-theme", "pre-commit"]
docs = ["sphinx", "sphinx-rtd-theme", "zope.interface"]
tests = ["coverage (>=5.0.2)", "hypothesis", "pympler", "pytest (>=4.3.0)", "six", "zope.interface"]
tests_no_zope = ["coverage (>=5.0.2)", "hypothesis", "pympler", "pytest (>=4.3.0)", "six"]

[[package]]
category = "main"
description = "The uncompromising code formatter."
name = "black"
optional = false
python-versions = ">=3.6"
version = "20.8b1"

[package.dependencies]
appdirs = "*"
click = ">=7.1.2"
mypy-extensions = ">=0.4.3"
pathspec = ">=0.6,<1"
regex = ">=2020.1.8"
toml = ">=0.10.1"
typed-ast = ">=1.4.0"
typing-extensions = ">=3.7.4"

[package.extras]
colorama = ["colorama (>=0.4.3)"]
d = ["aiohttp (>=3.3.2)", "aiohttp-cors"]

[[package]]
category = "main"
description = "Python package for providing Mozilla's CA Bundle."
name = "certifi"
optional = false
python-versions = "*"
version = "2020.6.20"

[[package]]
category = "main"
description = "Universal encoding detector for Python 2 and 3"
name = "chardet"
optional = false
python-versions = "*"
version = "3.0.4"

[[package]]
category = "main"
description = "Composable command line interface toolkit"
name = "click"
optional = false
python-versions = ">=2.7, !=3.0.*, !=3.1.*, !=3.2.*, !=3.3.*, !=3.4.*"
version = "7.1.2"

[[package]]
category = "main"
description = "A pure-Python, bring-your-own-I/O implementation of HTTP/1.1"
name = "h11"
optional = false
python-versions = "*"
version = "0.9.0"

[[package]]
category = "main"
description = "A minimal low-level HTTP client."
name = "httpcore"
optional = false
python-versions = ">=3.6"
version = "0.11.1"

[package.dependencies]
h11 = ">=0.8,<0.10"
sniffio = ">=1.0.0,<2.0.0"

[package.extras]
http2 = ["h2 (>=3.0.0,<4.0.0)"]

[[package]]
category = "main"
description = "A collection of framework independent HTTP protocol utils."
name = "httptools"
optional = false
python-versions = "*"
version = "0.1.1"

[package.extras]
test = ["Cython (0.29.14)"]

[[package]]
category = "main"
description = "The next generation HTTP client."
name = "httpx"
optional = false
python-versions = ">=3.6"
version = "0.15.4"

[package.dependencies]
certifi = "*"
httpcore = ">=0.11.0,<0.12.0"
sniffio = "*"

[package.dependencies.rfc3986]
extras = ["idna2008"]
version = ">=1.3,<2"

[package.extras]
brotli = ["brotlipy (>=0.7.0,<0.8.0)"]
http2 = ["h2 (>=3.0.0,<4.0.0)"]

[[package]]
category = "main"
description = "Internationalized Domain Names in Applications (IDNA)"
name = "idna"
optional = false
python-versions = ">=2.7, !=3.0.*, !=3.1.*, !=3.2.*, !=3.3.*"
version = "2.10"

[[package]]
category = "main"
description = "multidict implementation"
name = "multidict"
optional = false
python-versions = ">=3.5"
version = "4.7.6"

[[package]]
category = "main"
description = "Experimental type system extensions for programs checked with the mypy typechecker."
name = "mypy-extensions"
optional = false
python-versions = "*"
version = "0.4.3"

[[package]]
category = "main"
description = "Utility library for gitignore style pattern matching of file paths."
name = "pathspec"
optional = false
python-versions = ">=2.7, !=3.0.*, !=3.1.*, !=3.2.*, !=3.3.*, !=3.4.*"
version = "0.8.0"

[[package]]
category = "main"
description = "Python Imaging Library (Fork)"
name = "pillow"
optional = false
python-versions = ">=3.5"
version = "7.2.0"

[[package]]
category = "main"
description = "Python package wrapping the gifsicle library for editing and optimizing gifs."
name = "pygifsicle"
optional = false
python-versions = "*"
version = "1.0.1"

[package.extras]
test = ["pytest", "pytest-cov", "coveralls", "validate-version-code", "codacy-coverage", "touch"]

[[package]]
category = "main"
description = "JSON Web Token implementation in Python"
name = "pyjwt"
optional = false
python-versions = "*"
version = "1.7.1"

[package.extras]
crypto = ["cryptography (>=1.4)"]
flake8 = ["flake8", "flake8-import-order", "pep8-naming"]
test = ["pytest (>=4.0.1,<5.0.0)", "pytest-cov (>=2.6.0,<3.0.0)", "pytest-runner (>=4.2,<5.0.0)"]

[[package]]
category = "main"
description = "Extensions to the standard Python datetime module"
name = "python-dateutil"
optional = false
python-versions = "!=3.0.*,!=3.1.*,!=3.2.*,>=2.7"
version = "2.8.1"

[package.dependencies]
six = ">=1.5"

[[package]]
category = "main"
description = "Alternative regular expression module, to replace re."
name = "regex"
optional = false
python-versions = "*"
version = "2020.9.27"

[[package]]
category = "main"
description = "Validating URI References per RFC 3986"
name = "rfc3986"
optional = false
python-versions = "*"
version = "1.4.0"

[package.dependencies]
[package.dependencies.idna]
optional = true
version = "*"

[package.extras]
idna2008 = ["idna"]

[[package]]
category = "main"
description = "A web server and web framework that's written to go fast. Build fast. Run fast."
name = "sanic"
optional = false
python-versions = ">=3.6"
version = "20.9.0"

[package.dependencies]
aiofiles = ">=0.3.0"
httptools = ">=0.0.10"
httpx = "0.15.4"
multidict = ">=4.0,<5.0"
ujson = ">=1.35"
uvloop = ">=0.5.3"
websockets = ">=8.1,<9.0"

[package.extras]
all = ["pytest (5.2.1)", "multidict (>=4.0,<5.0)", "gunicorn", "pytest-cov", "httpcore (0.3.0)", "beautifulsoup4", "pytest-sanic", "pytest-sugar", "pytest-benchmark", "aiofiles", "tox", "black", "flake8", "bandit", "towncrier", "sphinx (>=2.1.2)", "sphinx-rtd-theme", "recommonmark (>=0.5.0)", "docutils", "pygments", "uvloop (>=0.5.3)", "ujson (>=1.35)"]
dev = ["pytest (5.2.1)", "multidict (>=4.0,<5.0)", "gunicorn", "pytest-cov", "httpcore (0.3.0)", "beautifulsoup4", "pytest-sanic", "pytest-sugar", "pytest-benchmark", "aiofiles", "tox", "black", "flake8", "bandit", "towncrier", "uvloop (>=0.5.3)", "ujson (>=1.35)"]
docs = ["sphinx (>=2.1.2)", "sphinx-rtd-theme", "recommonmark (>=0.5.0)", "docutils", "pygments"]
test = ["pytest (5.2.1)", "multidict (>=4.0,<5.0)", "gunicorn", "pytest-cov", "httpcore (0.3.0)", "beautifulsoup4", "pytest-sanic", "pytest-sugar", "pytest-benchmark", "uvloop (>=0.5.3)", "ujson (>=1.35)"]

[[package]]
category = "main"
description = "Python 2 and 3 compatibility utilities"
name = "six"
optional = false
python-versions = ">=2.7, !=3.0.*, !=3.1.*, !=3.2.*"
version = "1.15.0"

[[package]]
category = "main"
description = "Sniff out which async library your code is running under"
name = "sniffio"
optional = false
python-versions = ">=3.5"
version = "1.1.0"

[[package]]
category = "main"
description = "A very simple python library, used to format datetime with `*** time ago` statement. eg: \"3 hours ago\"."
name = "timeago"
optional = false
python-versions = "*"
version = "1.0.14"

[[package]]
category = "main"
description = "Python Library for Tom's Obvious, Minimal Language"
name = "toml"
optional = false
python-versions = "*"
version = "0.10.1"

[[package]]
category = "main"
description = "Opinionated JSON logger"
name = "trustpilot-json-logging"
optional = false
python-versions = ">=3.6,<4.0"
version = "1.0.12"

[[package]]
category = "main"
description = "a fork of Python 2 and 3 ast modules with type comment support"
name = "typed-ast"
optional = false
python-versions = "*"
version = "1.4.1"

[[package]]
category = "main"
description = "Backported and Experimental Type Hints for Python 3.5+"
name = "typing-extensions"
optional = false
python-versions = "*"
version = "3.7.4.3"

[[package]]
category = "main"
description = "Ultra fast JSON encoder and decoder for Python"
marker = "sys_platform != \"win32\" and implementation_name == \"cpython\""
name = "ujson"
optional = false
python-versions = ">=3.6"
version = "4.0.0"

[[package]]
category = "main"
description = "Fast implementation of asyncio event loop on top of libuv"
marker = "sys_platform != \"win32\" and implementation_name == \"cpython\""
name = "uvloop"
optional = false
python-versions = "*"
version = "0.14.0"

[[package]]
category = "main"
description = "An implementation of the WebSocket Protocol (RFC 6455 & 7692)"
name = "websockets"
optional = false
python-versions = ">=3.6.1"
version = "8.1"

[[package]]
category = "main"
description = "Yet another URL library"
name = "yarl"
optional = false
python-versions = ">=3.5"
version = "1.6.0"

[package.dependencies]
idna = ">=2.0"
multidict = ">=4.0"

[package.dependencies.typing-extensions]
python = "<3.8"
version = ">=3.7.4"

[metadata]
content-hash = "0ab758f2fbbd5672fba62e8ec756f8b4ca55ba5073aeac2d60d96d7af81335be"
python-versions = "^3.7"

[metadata.files]
aiofiles = [
    {file = "aiofiles-0.5.0-py3-none-any.whl", hash = "sha256:377fdf7815cc611870c59cbd07b68b180841d2a2b79812d8c218be02448c2acb"},
    {file = "aiofiles-0.5.0.tar.gz", hash = "sha256:98e6bcfd1b50f97db4980e182ddd509b7cc35909e903a8fe50d8849e02d815af"},
]
aiohttp = [
    {file = "aiohttp-3.6.2-cp35-cp35m-macosx_10_13_x86_64.whl", hash = "sha256:1e984191d1ec186881ffaed4581092ba04f7c61582a177b187d3a2f07ed9719e"},
    {file = "aiohttp-3.6.2-cp35-cp35m-manylinux1_x86_64.whl", hash = "sha256:50aaad128e6ac62e7bf7bd1f0c0a24bc968a0c0590a726d5a955af193544bcec"},
    {file = "aiohttp-3.6.2-cp36-cp36m-macosx_10_13_x86_64.whl", hash = "sha256:65f31b622af739a802ca6fd1a3076fd0ae523f8485c52924a89561ba10c49b48"},
    {file = "aiohttp-3.6.2-cp36-cp36m-manylinux1_x86_64.whl", hash = "sha256:ae55bac364c405caa23a4f2d6cfecc6a0daada500274ffca4a9230e7129eac59"},
    {file = "aiohttp-3.6.2-cp36-cp36m-win32.whl", hash = "sha256:344c780466b73095a72c616fac5ea9c4665add7fc129f285fbdbca3cccf4612a"},
    {file = "aiohttp-3.6.2-cp36-cp36m-win_amd64.whl", hash = "sha256:4c6efd824d44ae697814a2a85604d8e992b875462c6655da161ff18fd4f29f17"},
    {file = "aiohttp-3.6.2-cp37-cp37m-macosx_10_13_x86_64.whl", hash = "sha256:2f4d1a4fdce595c947162333353d4a44952a724fba9ca3205a3df99a33d1307a"},
    {file = "aiohttp-3.6.2-cp37-cp37m-manylinux1_x86_64.whl", hash = "sha256:6206a135d072f88da3e71cc501c59d5abffa9d0bb43269a6dcd28d66bfafdbdd"},
    {file = "aiohttp-3.6.2-cp37-cp37m-win32.whl", hash = "sha256:b778ce0c909a2653741cb4b1ac7015b5c130ab9c897611df43ae6a58523cb965"},
    {file = "aiohttp-3.6.2-cp37-cp37m-win_amd64.whl", hash = "sha256:32e5f3b7e511aa850829fbe5aa32eb455e5534eaa4b1ce93231d00e2f76e5654"},
    {file = "aiohttp-3.6.2-py3-none-any.whl", hash = "sha256:460bd4237d2dbecc3b5ed57e122992f60188afe46e7319116da5eb8a9dfedba4"},
    {file = "aiohttp-3.6.2.tar.gz", hash = "sha256:259ab809ff0727d0e834ac5e8a283dc5e3e0ecc30c4d80b3cd17a4139ce1f326"},
]
aiosqlite = [
    {file = "aiosqlite-0.15.0-py3-none-any.whl", hash = "sha256:19b984b6702aed9f1c85c023f37296954547fc4030dae8e9d027b2a930bed78b"},
    {file = "aiosqlite-0.15.0.tar.gz", hash = "sha256:a2884793f4dc8f2798d90e1dfecb2b56a6d479cf039f7ec52356a7fd5f3bdc57"},
]
appdirs = [
    {file = "appdirs-1.4.4-py2.py3-none-any.whl", hash = "sha256:a841dacd6b99318a741b166adb07e19ee71a274450e68237b4650ca1055ab128"},
    {file = "appdirs-1.4.4.tar.gz", hash = "sha256:7d5d0167b2b1ba821647616af46a749d1c653740dd0d2415100fe26e27afdf41"},
]
async-timeout = [
    {file = "async-timeout-3.0.1.tar.gz", hash = "sha256:0c3c816a028d47f659d6ff5c745cb2acf1f966da1fe5c19c77a70282b25f4c5f"},
    {file = "async_timeout-3.0.1-py3-none-any.whl", hash = "sha256:4291ca197d287d274d0b6cb5d6f8f8f82d434ed288f962539ff18cc9012f9ea3"},
]
attrs = [
    {file = "attrs-20.2.0-py2.py3-none-any.whl", hash = "sha256:fce7fc47dfc976152e82d53ff92fa0407700c21acd20886a13777a0d20e655dc"},
    {file = "attrs-20.2.0.tar.gz", hash = "sha256:26b54ddbbb9ee1d34d5d3668dd37d6cf74990ab23c828c2888dccdceee395594"},
]
black = [
    {file = "black-20.8b1-py3-none-any.whl", hash = "sha256:70b62ef1527c950db59062cda342ea224d772abdf6adc58b86a45421bab20a6b"},
    {file = "black-20.8b1.tar.gz", hash = "sha256:1c02557aa099101b9d21496f8a914e9ed2222ef70336404eeeac8edba836fbea"},
]
certifi = [
    {file = "certifi-2020.6.20-py2.py3-none-any.whl", hash = "sha256:8fc0819f1f30ba15bdb34cceffb9ef04d99f420f68eb75d901e9560b8749fc41"},
    {file = "certifi-2020.6.20.tar.gz", hash = "sha256:5930595817496dd21bb8dc35dad090f1c2cd0adfaf21204bf6732ca5d8ee34d3"},
]
chardet = [
    {file = "chardet-3.0.4-py2.py3-none-any.whl", hash = "sha256:fc323ffcaeaed0e0a02bf4d117757b98aed530d9ed4531e3e15460124c106691"},
    {file = "chardet-3.0.4.tar.gz", hash = "sha256:84ab92ed1c4d4f16916e05906b6b75a6c0fb5db821cc65e70cbd64a3e2a5eaae"},
]
click = [
    {file = "click-7.1.2-py2.py3-none-any.whl", hash = "sha256:dacca89f4bfadd5de3d7489b7c8a566eee0d3676333fbb50030263894c38c0dc"},
    {file = "click-7.1.2.tar.gz", hash = "sha256:d2b5255c7c6349bc1bd1e59e08cd12acbbd63ce649f2588755783aa94dfb6b1a"},
]
h11 = [
    {file = "h11-0.9.0-py2.py3-none-any.whl", hash = "sha256:4bc6d6a1238b7615b266ada57e0618568066f57dd6fa967d1290ec9309b2f2f1"},
    {file = "h11-0.9.0.tar.gz", hash = "sha256:33d4bca7be0fa039f4e84d50ab00531047e53d6ee8ffbc83501ea602c169cae1"},
]
httpcore = [
    {file = "httpcore-0.11.1-py3-none-any.whl", hash = "sha256:72cfaa461dbdc262943ff4c9abf5b195391a03cdcc152e636adb4239b15e77e1"},
    {file = "httpcore-0.11.1.tar.gz", hash = "sha256:a35dddd1f4cc34ff37788337ef507c0ad0276241ece6daf663ac9e77c0b87232"},
]
httptools = [
    {file = "httptools-0.1.1-cp35-cp35m-macosx_10_13_x86_64.whl", hash = "sha256:a2719e1d7a84bb131c4f1e0cb79705034b48de6ae486eb5297a139d6a3296dce"},
    {file = "httptools-0.1.1-cp35-cp35m-manylinux1_x86_64.whl", hash = "sha256:fa3cd71e31436911a44620473e873a256851e1f53dee56669dae403ba41756a4"},
    {file = "httptools-0.1.1-cp36-cp36m-macosx_10_13_x86_64.whl", hash = "sha256:86c6acd66765a934e8730bf0e9dfaac6fdcf2a4334212bd4a0a1c78f16475ca6"},
    {file = "httptools-0.1.1-cp36-cp36m-manylinux1_x86_64.whl", hash = "sha256:bc3114b9edbca5a1eb7ae7db698c669eb53eb8afbbebdde116c174925260849c"},
    {file = "httptools-0.1.1-cp36-cp36m-win_amd64.whl", hash = "sha256:ac0aa11e99454b6a66989aa2d44bca41d4e0f968e395a0a8f164b401fefe359a"},
    {file = "httptools-0.1.1-cp37-cp37m-macosx_10_13_x86_64.whl", hash = "sha256:96da81e1992be8ac2fd5597bf0283d832287e20cb3cfde8996d2b00356d4e17f"},
    {file = "httptools-0.1.1-cp37-cp37m-manylinux1_x86_64.whl", hash = "sha256:56b6393c6ac7abe632f2294da53f30d279130a92e8ae39d8d14ee2e1b05ad1f2"},
    {file = "httptools-0.1.1-cp37-cp37m-win_amd64.whl", hash = "sha256:96eb359252aeed57ea5c7b3d79839aaa0382c9d3149f7d24dd7172b1bcecb009"},
    {file = "httptools-0.1.1-cp38-cp38-macosx_10_13_x86_64.whl", hash = "sha256:fea04e126014169384dee76a153d4573d90d0cbd1d12185da089f73c78390437"},
    {file = "httptools-0.1.1-cp38-cp38-manylinux1_x86_64.whl", hash = "sha256:3592e854424ec94bd17dc3e0c96a64e459ec4147e6d53c0a42d0ebcef9cb9c5d"},
    {file = "httptools-0.1.1-cp38-cp38-win_amd64.whl", hash = "sha256:0a4b1b2012b28e68306575ad14ad5e9120b34fccd02a81eb08838d7e3bbb48be"},
    {file = "httptools-0.1.1.tar.gz", hash = "sha256:41b573cf33f64a8f8f3400d0a7faf48e1888582b6f6e02b82b9bd4f0bf7497ce"},
]
httpx = [
    {file = "httpx-0.15.4-py3-none-any.whl", hash = "sha256:7b3c07bfdcdadd92020dd4c07b15932abdcf1c898422a4e98de3d19b2223310b"},
    {file = "httpx-0.15.4.tar.gz", hash = "sha256:4c81dbf98a29cb4f51f415140df56542f9d4860798d713e336642e953cddd1db"},
]
idna = [
    {file = "idna-2.10-py2.py3-none-any.whl", hash = "sha256:b97d804b1e9b523befed77c48dacec60e6dcb0b5391d57af6a65a312a90648c0"},
    {file = "idna-2.10.tar.gz", hash = "sha256:b307872f855b18632ce0c21c5e45be78c0ea7ae4c15c828c20788b26921eb3f6"},
]
multidict = [
    {file = "multidict-4.7.6-cp35-cp35m-macosx_10_14_x86_64.whl", hash = "sha256:275ca32383bc5d1894b6975bb4ca6a7ff16ab76fa622967625baeebcf8079000"},
    {file = "multidict-4.7.6-cp35-cp35m-manylinux1_x86_64.whl", hash = "sha256:1ece5a3369835c20ed57adadc663400b5525904e53bae59ec854a5d36b39b21a"},
    {file = "multidict-4.7.6-cp35-cp35m-win32.whl", hash = "sha256:5141c13374e6b25fe6bf092052ab55c0c03d21bd66c94a0e3ae371d3e4d865a5"},
    {file = "multidict-4.7.6-cp35-cp35m-win_amd64.whl", hash = "sha256:9456e90649005ad40558f4cf51dbb842e32807df75146c6d940b6f5abb4a78f3"},
    {file = "multidict-4.7.6-cp36-cp36m-macosx_10_14_x86_64.whl", hash = "sha256:e0d072ae0f2a179c375f67e3da300b47e1a83293c554450b29c900e50afaae87"},
    {file = "multidict-4.7.6-cp36-cp36m-manylinux1_x86_64.whl", hash = "sha256:3750f2205b800aac4bb03b5ae48025a64e474d2c6cc79547988ba1d4122a09e2"},
    {file = "multidict-4.7.6-cp36-cp36m-win32.whl", hash = "sha256:f07acae137b71af3bb548bd8da720956a3bc9f9a0b87733e0899226a2317aeb7"},
    {file = "multidict-4.7.6-cp36-cp36m-win_amd64.whl", hash = "sha256:6513728873f4326999429a8b00fc7ceddb2509b01d5fd3f3be7881a257b8d463"},
    {file = "multidict-4.7.6-cp37-cp37m-macosx_10_14_x86_64.whl", hash = "sha256:feed85993dbdb1dbc29102f50bca65bdc68f2c0c8d352468c25b54874f23c39d"},
    {file = "multidict-4.7.6-cp37-cp37m-manylinux1_x86_64.whl", hash = "sha256:fcfbb44c59af3f8ea984de67ec7c306f618a3ec771c2843804069917a8f2e255"},
    {file = "multidict-4.7.6-cp37-cp37m-win32.whl", hash = "sha256:4538273208e7294b2659b1602490f4ed3ab1c8cf9dbdd817e0e9db8e64be2507"},
    {file = "multidict-4.7.6-cp37-cp37m-win_amd64.whl", hash = "sha256:d14842362ed4cf63751648e7672f7174c9818459d169231d03c56e84daf90b7c"},
    {file = "multidict-4.7.6-cp38-cp38-macosx_10_14_x86_64.whl", hash = "sha256:c026fe9a05130e44157b98fea3ab12969e5b60691a276150db9eda71710cd10b"},
    {file = "multidict-4.7.6-cp38-cp38-manylinux1_x86_64.whl", hash = "sha256:51a4d210404ac61d32dada00a50ea7ba412e6ea945bbe992e4d7a595276d2ec7"},
    {file = "multidict-4.7.6-cp38-cp38-win32.whl", hash = "sha256:5cf311a0f5ef80fe73e4f4c0f0998ec08f954a6ec72b746f3c179e37de1d210d"},
    {file = "multidict-4.7.6-cp38-cp38-win_amd64.whl", hash = "sha256:7388d2ef3c55a8ba80da62ecfafa06a1c097c18032a501ffd4cabbc52d7f2b19"},
    {file = "multidict-4.7.6.tar.gz", hash = "sha256:fbb77a75e529021e7c4a8d4e823d88ef4d23674a202be4f5addffc72cbb91430"},
]
mypy-extensions = [
    {file = "mypy_extensions-0.4.3-py2.py3-none-any.whl", hash = "sha256:090fedd75945a69ae91ce1303b5824f428daf5a028d2f6ab8a299250a846f15d"},
    {file = "mypy_extensions-0.4.3.tar.gz", hash = "sha256:2d82818f5bb3e369420cb3c4060a7970edba416647068eb4c5343488a6c604a8"},
]
pathspec = [
    {file = "pathspec-0.8.0-py2.py3-none-any.whl", hash = "sha256:7d91249d21749788d07a2d0f94147accd8f845507400749ea19c1ec9054a12b0"},
    {file = "pathspec-0.8.0.tar.gz", hash = "sha256:da45173eb3a6f2a5a487efba21f050af2b41948be6ab52b6a1e3ff22bb8b7061"},
]
pillow = [
    {file = "Pillow-7.2.0-cp35-cp35m-macosx_10_10_intel.whl", hash = "sha256:1ca594126d3c4def54babee699c055a913efb01e106c309fa6b04405d474d5ae"},
    {file = "Pillow-7.2.0-cp35-cp35m-manylinux1_i686.whl", hash = "sha256:c92302a33138409e8f1ad16731568c55c9053eee71bb05b6b744067e1b62380f"},
    {file = "Pillow-7.2.0-cp35-cp35m-manylinux1_x86_64.whl", hash = "sha256:8dad18b69f710bf3a001d2bf3afab7c432785d94fcf819c16b5207b1cfd17d38"},
    {file = "Pillow-7.2.0-cp35-cp35m-manylinux2014_aarch64.whl", hash = "sha256:431b15cffbf949e89df2f7b48528be18b78bfa5177cb3036284a5508159492b5"},
    {file = "Pillow-7.2.0-cp35-cp35m-win32.whl", hash = "sha256:09d7f9e64289cb40c2c8d7ad674b2ed6105f55dc3b09aa8e4918e20a0311e7ad"},
    {file = "Pillow-7.2.0-cp35-cp35m-win_amd64.whl", hash = "sha256:0295442429645fa16d05bd567ef5cff178482439c9aad0411d3f0ce9b88b3a6f"},
    {file = "Pillow-7.2.0-cp36-cp36m-macosx_10_10_x86_64.whl", hash = "sha256:ec29604081f10f16a7aea809ad42e27764188fc258b02259a03a8ff7ded3808d"},
    {file = "Pillow-7.2.0-cp36-cp36m-manylinux1_i686.whl", hash = "sha256:612cfda94e9c8346f239bf1a4b082fdd5c8143cf82d685ba2dba76e7adeeb233"},
    {file = "Pillow-7.2.0-cp36-cp36m-manylinux1_x86_64.whl", hash = "sha256:0a80dd307a5d8440b0a08bd7b81617e04d870e40a3e46a32d9c246e54705e86f"},
    {file = "Pillow-7.2.0-cp36-cp36m-manylinux2014_aarch64.whl", hash = "sha256:06aba4169e78c439d528fdeb34762c3b61a70813527a2c57f0540541e9f433a8"},
    {file = "Pillow-7.2.0-cp36-cp36m-win32.whl", hash = "sha256:f7e30c27477dffc3e85c2463b3e649f751789e0f6c8456099eea7ddd53be4a8a"},
    {file = "Pillow-7.2.0-cp36-cp36m-win_amd64.whl", hash = "sha256:ffe538682dc19cc542ae7c3e504fdf54ca7f86fb8a135e59dd6bc8627eae6cce"},
    {file = "Pillow-7.2.0-cp37-cp37m-macosx_10_10_x86_64.whl", hash = "sha256:94cf49723928eb6070a892cb39d6c156f7b5a2db4e8971cb958f7b6b104fb4c4"},
    {file = "Pillow-7.2.0-cp37-cp37m-manylinux1_i686.whl", hash = "sha256:6edb5446f44d901e8683ffb25ebdfc26988ee813da3bf91e12252b57ac163727"},
    {file = "Pillow-7.2.0-cp37-cp37m-manylinux1_x86_64.whl", hash = "sha256:52125833b070791fcb5710fabc640fc1df07d087fc0c0f02d3661f76c23c5b8b"},
    {file = "Pillow-7.2.0-cp37-cp37m-manylinux2014_aarch64.whl", hash = "sha256:9ad7f865eebde135d526bb3163d0b23ffff365cf87e767c649550964ad72785d"},
    {file = "Pillow-7.2.0-cp37-cp37m-win32.whl", hash = "sha256:c79f9c5fb846285f943aafeafda3358992d64f0ef58566e23484132ecd8d7d63"},
    {file = "Pillow-7.2.0-cp37-cp37m-win_amd64.whl", hash = "sha256:d350f0f2c2421e65fbc62690f26b59b0bcda1b614beb318c81e38647e0f673a1"},
    {file = "Pillow-7.2.0-cp38-cp38-macosx_10_10_x86_64.whl", hash = "sha256:6d7741e65835716ceea0fd13a7d0192961212fd59e741a46bbed7a473c634ed6"},
    {file = "Pillow-7.2.0-cp38-cp38-manylinux1_i686.whl", hash = "sha256:edf31f1150778abd4322444c393ab9c7bd2af271dd4dafb4208fb613b1f3cdc9"},
    {file = "Pillow-7.2.0-cp38-cp38-manylinux1_x86_64.whl", hash = "sha256:d08b23fdb388c0715990cbc06866db554e1822c4bdcf6d4166cf30ac82df8c41"},
    {file = "Pillow-7.2.0-cp38-cp38-manylinux2014_aarch64.whl", hash = "sha256:5e51ee2b8114def244384eda1c82b10e307ad9778dac5c83fb0943775a653cd8"},
    {file = "Pillow-7.2.0-cp38-cp38-win32.whl", hash = "sha256:725aa6cfc66ce2857d585f06e9519a1cc0ef6d13f186ff3447ab6dff0a09bc7f"},
    {file = "Pillow-7.2.0-cp38-cp38-win_amd64.whl", hash = "sha256:a060cf8aa332052df2158e5a119303965be92c3da6f2d93b6878f0ebca80b2f6"},
    {file = "Pillow-7.2.0-pp36-pypy36_pp73-macosx_10_10_x86_64.whl", hash = "sha256:9c87ef410a58dd54b92424ffd7e28fd2ec65d2f7fc02b76f5e9b2067e355ebf6"},
    {file = "Pillow-7.2.0-pp36-pypy36_pp73-manylinux2010_x86_64.whl", hash = "sha256:e901964262a56d9ea3c2693df68bc9860b8bdda2b04768821e4c44ae797de117"},
    {file = "Pillow-7.2.0-pp36-pypy36_pp73-win32.whl", hash = "sha256:25930fadde8019f374400f7986e8404c8b781ce519da27792cbe46eabec00c4d"},
    {file = "Pillow-7.2.0.tar.gz", hash = "sha256:97f9e7953a77d5a70f49b9a48da7776dc51e9b738151b22dacf101641594a626"},
]
pygifsicle = [
    {file = "pygifsicle-1.0.1.tar.gz", hash = "sha256:21553132025952f0a41b4605e1de2f4f89d57c8c97357db5fa5cfd85ad8e6c2f"},
]
pyjwt = [
    {file = "PyJWT-1.7.1-py2.py3-none-any.whl", hash = "sha256:5c6eca3c2940464d106b99ba83b00c6add741c9becaec087fb7ccdefea71350e"},
    {file = "PyJWT-1.7.1.tar.gz", hash = "sha256:8d59a976fb773f3e6a39c85636357c4f0e242707394cadadd9814f5cbaa20e96"},
]
python-dateutil = [
    {file = "python-dateutil-2.8.1.tar.gz", hash = "sha256:73ebfe9dbf22e832286dafa60473e4cd239f8592f699aa5adaf10050e6e1823c"},
    {file = "python_dateutil-2.8.1-py2.py3-none-any.whl", hash = "sha256:75bb3f31ea686f1197762692a9ee6a7550b59fc6ca3a1f4b5d7e32fb98e2da2a"},
]
regex = [
    {file = "regex-2020.9.27-cp27-cp27m-win32.whl", hash = "sha256:d23a18037313714fb3bb5a94434d3151ee4300bae631894b1ac08111abeaa4a3"},
    {file = "regex-2020.9.27-cp27-cp27m-win_amd64.whl", hash = "sha256:84e9407db1b2eb368b7ecc283121b5e592c9aaedbe8c78b1a2f1102eb2e21d19"},
    {file = "regex-2020.9.27-cp36-cp36m-manylinux1_i686.whl", hash = "sha256:5f18875ac23d9aa2f060838e8b79093e8bb2313dbaaa9f54c6d8e52a5df097be"},
    {file = "regex-2020.9.27-cp36-cp36m-manylinux1_x86_64.whl", hash = "sha256:ae91972f8ac958039920ef6e8769277c084971a142ce2b660691793ae44aae6b"},
    {file = "regex-2020.9.27-cp36-cp36m-manylinux2010_i686.whl", hash = "sha256:9a02d0ae31d35e1ec12a4ea4d4cca990800f66a917d0fb997b20fbc13f5321fc"},
    {file = "regex-2020.9.27-cp36-cp36m-manylinux2010_x86_64.whl", hash = "sha256:ebbe29186a3d9b0c591e71b7393f1ae08c83cb2d8e517d2a822b8f7ec99dfd8b"},
    {file = "regex-2020.9.27-cp36-cp36m-win32.whl", hash = "sha256:4707f3695b34335afdfb09be3802c87fa0bc27030471dbc082f815f23688bc63"},
    {file = "regex-2020.9.27-cp36-cp36m-win_amd64.whl", hash = "sha256:9bc13e0d20b97ffb07821aa3e113f9998e84994fe4d159ffa3d3a9d1b805043b"},
    {file = "regex-2020.9.27-cp37-cp37m-manylinux1_i686.whl", hash = "sha256:f1b3afc574a3db3b25c89161059d857bd4909a1269b0b3cb3c904677c8c4a3f7"},
    {file = "regex-2020.9.27-cp37-cp37m-manylinux1_x86_64.whl", hash = "sha256:5533a959a1748a5c042a6da71fe9267a908e21eded7a4f373efd23a2cbdb0ecc"},
    {file = "regex-2020.9.27-cp37-cp37m-manylinux2010_i686.whl", hash = "sha256:1fe0a41437bbd06063aa184c34804efa886bcc128222e9916310c92cd54c3b4c"},
    {file = "regex-2020.9.27-cp37-cp37m-manylinux2010_x86_64.whl", hash = "sha256:c570f6fa14b9c4c8a4924aaad354652366577b4f98213cf76305067144f7b100"},
    {file = "regex-2020.9.27-cp37-cp37m-win32.whl", hash = "sha256:eda4771e0ace7f67f58bc5b560e27fb20f32a148cbc993b0c3835970935c2707"},
    {file = "regex-2020.9.27-cp37-cp37m-win_amd64.whl", hash = "sha256:60b0e9e6dc45683e569ec37c55ac20c582973841927a85f2d8a7d20ee80216ab"},
    {file = "regex-2020.9.27-cp38-cp38-manylinux1_i686.whl", hash = "sha256:088afc8c63e7bd187a3c70a94b9e50ab3f17e1d3f52a32750b5b77dbe99ef5ef"},
    {file = "regex-2020.9.27-cp38-cp38-manylinux1_x86_64.whl", hash = "sha256:eaf548d117b6737df379fdd53bdde4f08870e66d7ea653e230477f071f861121"},
    {file = "regex-2020.9.27-cp38-cp38-manylinux2010_i686.whl", hash = "sha256:41bb65f54bba392643557e617316d0d899ed5b4946dccee1cb6696152b29844b"},
    {file = "regex-2020.9.27-cp38-cp38-manylinux2010_x86_64.whl", hash = "sha256:8d69cef61fa50c8133382e61fd97439de1ae623fe943578e477e76a9d9471637"},
    {file = "regex-2020.9.27-cp38-cp38-win32.whl", hash = "sha256:f2388013e68e750eaa16ccbea62d4130180c26abb1d8e5d584b9baf69672b30f"},
    {file = "regex-2020.9.27-cp38-cp38-win_amd64.whl", hash = "sha256:4318d56bccfe7d43e5addb272406ade7a2274da4b70eb15922a071c58ab0108c"},
    {file = "regex-2020.9.27.tar.gz", hash = "sha256:a6f32aea4260dfe0e55dc9733ea162ea38f0ea86aa7d0f77b15beac5bf7b369d"},
]
rfc3986 = [
    {file = "rfc3986-1.4.0-py2.py3-none-any.whl", hash = "sha256:af9147e9aceda37c91a05f4deb128d4b4b49d6b199775fd2d2927768abdc8f50"},
    {file = "rfc3986-1.4.0.tar.gz", hash = "sha256:112398da31a3344dc25dbf477d8df6cb34f9278a94fee2625d89e4514be8bb9d"},
]
sanic = [
    {file = "sanic-20.9.0-py3-none-any.whl", hash = "sha256:e0a54dc637042e6b9b5db965a9e41891500190de20e4573e874adfe043d428f7"},
    {file = "sanic-20.9.0.tar.gz", hash = "sha256:d91bf266f672460ff0be1a421fec4bb2ec572490bbf4453de0c2057994140341"},
]
six = [
    {file = "six-1.15.0-py2.py3-none-any.whl", hash = "sha256:8b74bedcbbbaca38ff6d7491d76f2b06b3592611af620f8426e82dddb04a5ced"},
    {file = "six-1.15.0.tar.gz", hash = "sha256:30639c035cdb23534cd4aa2dd52c3bf48f06e5f4a941509c8bafd8ce11080259"},
]
sniffio = [
    {file = "sniffio-1.1.0-py3-none-any.whl", hash = "sha256:20ed6d5b46f8ae136d00b9dcb807615d83ed82ceea6b2058cecb696765246da5"},
    {file = "sniffio-1.1.0.tar.gz", hash = "sha256:8e3810100f69fe0edd463d02ad407112542a11ffdc29f67db2bf3771afb87a21"},
]
timeago = [
    {file = "timeago-1.0.14.tar.gz", hash = "sha256:4308d0123a21c778e0ac66fb68e09c15ab6a006e152f8840902575b48aac373d"},
]
toml = [
    {file = "toml-0.10.1-py2.py3-none-any.whl", hash = "sha256:bda89d5935c2eac546d648028b9901107a595863cb36bae0c73ac804a9b4ce88"},
    {file = "toml-0.10.1.tar.gz", hash = "sha256:926b612be1e5ce0634a2ca03470f95169cf16f939018233a670519cb4ac58b0f"},
]
trustpilot-json-logging = [
    {file = "trustpilot-json-logging-1.0.12.tar.gz", hash = "sha256:3a7be356fbb6d51df380d230a3abf83c9ad260b492347466508001096e33f5b6"},
    {file = "trustpilot_json_logging-1.0.12-py3-none-any.whl", hash = "sha256:6701182e7361d62c0e243e829e3676c8e131916f6c055736564104ab78daecfa"},
]
typed-ast = [
    {file = "typed_ast-1.4.1-cp35-cp35m-manylinux1_i686.whl", hash = "sha256:73d785a950fc82dd2a25897d525d003f6378d1cb23ab305578394694202a58c3"},
    {file = "typed_ast-1.4.1-cp35-cp35m-manylinux1_x86_64.whl", hash = "sha256:aaee9905aee35ba5905cfb3c62f3e83b3bec7b39413f0a7f19be4e547ea01ebb"},
    {file = "typed_ast-1.4.1-cp35-cp35m-win32.whl", hash = "sha256:0c2c07682d61a629b68433afb159376e24e5b2fd4641d35424e462169c0a7919"},
    {file = "typed_ast-1.4.1-cp35-cp35m-win_amd64.whl", hash = "sha256:4083861b0aa07990b619bd7ddc365eb7fa4b817e99cf5f8d9cf21a42780f6e01"},
    {file = "typed_ast-1.4.1-cp36-cp36m-macosx_10_9_x86_64.whl", hash = "sha256:269151951236b0f9a6f04015a9004084a5ab0d5f19b57de779f908621e7d8b75"},
    {file = "typed_ast-1.4.1-cp36-cp36m-manylinux1_i686.whl", hash = "sha256:24995c843eb0ad11a4527b026b4dde3da70e1f2d8806c99b7b4a7cf491612652"},
    {file = "typed_ast-1.4.1-cp36-cp36m-manylinux1_x86_64.whl", hash = "sha256:fe460b922ec15dd205595c9b5b99e2f056fd98ae8f9f56b888e7a17dc2b757e7"},
    {file = "typed_ast-1.4.1-cp36-cp36m-win32.whl", hash = "sha256:4e3e5da80ccbebfff202a67bf900d081906c358ccc3d5e3c8aea42fdfdfd51c1"},
    {file = "typed_ast-1.4.1-cp36-cp36m-win_amd64.whl", hash = "sha256:249862707802d40f7f29f6e1aad8d84b5aa9e44552d2cc17384b209f091276aa"},
    {file = "typed_ast-1.4.1-cp37-cp37m-macosx_10_9_x86_64.whl", hash = "sha256:8ce678dbaf790dbdb3eba24056d5364fb45944f33553dd5869b7580cdbb83614"},
    {file = "typed_ast-1.4.1-cp37-cp37m-manylinux1_i686.whl", hash = "sha256:c9e348e02e4d2b4a8b2eedb48210430658df6951fa484e59de33ff773fbd4b41"},
    {file = "typed_ast-1.4.1-cp37-cp37m-manylinux1_x86_64.whl", hash = "sha256:bcd3b13b56ea479b3650b82cabd6b5343a625b0ced5429e4ccad28a8973f301b"},
    {file = "typed_ast-1.4.1-cp37-cp37m-win32.whl", hash = "sha256:d5d33e9e7af3b34a40dc05f498939f0ebf187f07c385fd58d591c533ad8562fe"},
    {file = "typed_ast-1.4.1-cp37-cp37m-win_amd64.whl", hash = "sha256:0666aa36131496aed8f7be0410ff974562ab7eeac11ef351def9ea6fa28f6355"},
    {file = "typed_ast-1.4.1-cp38-cp38-macosx_10_15_x86_64.whl", hash = "sha256:d205b1b46085271b4e15f670058ce182bd1199e56b317bf2ec004b6a44f911f6"},
    {file = "typed_ast-1.4.1-cp38-cp38-manylinux1_i686.whl", hash = "sha256:6daac9731f172c2a22ade6ed0c00197ee7cc1221aa84cfdf9c31defeb059a907"},
    {file = "typed_ast-1.4.1-cp38-cp38-manylinux1_x86_64.whl", hash = "sha256:498b0f36cc7054c1fead3d7fc59d2150f4d5c6c56ba7fb150c013fbc683a8d2d"},
    {file = "typed_ast-1.4.1-cp38-cp38-win32.whl", hash = "sha256:715ff2f2df46121071622063fc7543d9b1fd19ebfc4f5c8895af64a77a8c852c"},
    {file = "typed_ast-1.4.1-cp38-cp38-win_amd64.whl", hash = "sha256:fc0fea399acb12edbf8a628ba8d2312f583bdbdb3335635db062fa98cf71fca4"},
    {file = "typed_ast-1.4.1-cp39-cp39-macosx_10_15_x86_64.whl", hash = "sha256:d43943ef777f9a1c42bf4e552ba23ac77a6351de620aa9acf64ad54933ad4d34"},
    {file = "typed_ast-1.4.1.tar.gz", hash = "sha256:8c8aaad94455178e3187ab22c8b01a3837f8ee50e09cf31f1ba129eb293ec30b"},
]
typing-extensions = [
    {file = "typing_extensions-3.7.4.3-py2-none-any.whl", hash = "sha256:dafc7639cde7f1b6e1acc0f457842a83e722ccca8eef5270af2d74792619a89f"},
    {file = "typing_extensions-3.7.4.3-py3-none-any.whl", hash = "sha256:7cb407020f00f7bfc3cb3e7881628838e69d8f3fcab2f64742a5e76b2f841918"},
    {file = "typing_extensions-3.7.4.3.tar.gz", hash = "sha256:99d4073b617d30288f569d3f13d2bd7548c3a7e4c8de87db09a9d29bb3a4a60c"},
]
ujson = [
    {file = "ujson-4.0.0-cp36-cp36m-macosx_10_14_x86_64.whl", hash = "sha256:0bfd3ad6495236cacaa428d1cf8d74a9ea2671a6e5af78bb223aaacc4c7e4195"},
    {file = "ujson-4.0.0-cp36-cp36m-manylinux1_i686.whl", hash = "sha256:df08773888df417de11188e19523bd70a455da8421785d62a05b49a7d71ff537"},
    {file = "ujson-4.0.0-cp36-cp36m-manylinux1_x86_64.whl", hash = "sha256:f56566ac9e9452ed232adf525b422e7eb641a55ce1c6eab9188b49a347991ca9"},
    {file = "ujson-4.0.0-cp36-cp36m-manylinux2014_aarch64.whl", hash = "sha256:96a7706d115a4443abffc94293ec059a421c81c0fda5e1ebd9aff2c85d78c60e"},
    {file = "ujson-4.0.0-cp36-cp36m-win_amd64.whl", hash = "sha256:6deb901be6edadf2c185d68a6447779d3bcef86682ed7c87f64d149bcee5f23f"},
    {file = "ujson-4.0.0-cp37-cp37m-macosx_10_14_x86_64.whl", hash = "sha256:f33e94a5662e4eabbec1209ead8e35662ba91fb44dfac6cdb1419b437e0efde2"},
    {file = "ujson-4.0.0-cp37-cp37m-manylinux1_i686.whl", hash = "sha256:cf80fc0457d92224650f57660b76548ec0f7292c0e3590c5998044a2aec06826"},
    {file = "ujson-4.0.0-cp37-cp37m-manylinux1_x86_64.whl", hash = "sha256:f35228af22b7053ef22414f15ff00a4510fcfed28edbef39bd7c942dd923dd70"},
    {file = "ujson-4.0.0-cp37-cp37m-manylinux2014_aarch64.whl", hash = "sha256:99f280b8ed1d55070f8732e6d96ab5152edd0095c8ff2fc18a3b1c9681f159d8"},
    {file = "ujson-4.0.0-cp37-cp37m-win_amd64.whl", hash = "sha256:25b13e45a8142af48ffca0f2c82bf7f5211121603b018663c183ff8ded0f4077"},
    {file = "ujson-4.0.0-cp38-cp38-macosx_10_14_x86_64.whl", hash = "sha256:46e5d0aeb82b148a7c6d649157bd2170e78aaafa8aa66f592526c05e93fdc5fc"},
    {file = "ujson-4.0.0-cp38-cp38-manylinux1_i686.whl", hash = "sha256:74639bcc3bc39568e9a16cb94a357ac42fdadb6c500d3b52d1a6b723b46ebc25"},
    {file = "ujson-4.0.0-cp38-cp38-manylinux1_x86_64.whl", hash = "sha256:81a3ce3da082c7c776148ea6804f6fb1554cc800679937ee95e3e0991b79ac42"},
    {file = "ujson-4.0.0-cp38-cp38-manylinux2014_aarch64.whl", hash = "sha256:c11ddfbfd10b8a21d9cfd1d9618dea69e3a499f38dc464717b78401188ef31e9"},
    {file = "ujson-4.0.0-cp38-cp38-win_amd64.whl", hash = "sha256:15f326ccb0b57efeb1a14fdfc5eb2e4254e0f60fe82c9a55da616e392a489512"},
    {file = "ujson-4.0.0-cp39-cp39-macosx_10_14_x86_64.whl", hash = "sha256:7d8fda56c7d7fea24dbb76f5e3888c910ba7f360c0cb097e5a4dc3fb5bf64776"},
    {file = "ujson-4.0.0-cp39-cp39-manylinux1_i686.whl", hash = "sha256:8b9ff3e323e778339fa61f3e0bbdd1133498fb2e90613da1c2417f5b162b7498"},
    {file = "ujson-4.0.0-cp39-cp39-manylinux1_x86_64.whl", hash = "sha256:0231633067887a5316c61421f9e2ea5a857afbd6b413d658b6e5ce46fd3cffba"},
    {file = "ujson-4.0.0-cp39-cp39-manylinux2014_aarch64.whl", hash = "sha256:a0db6689295b678ea6dd92c648573cbea8366a47771bbe5bb2215eadd6dba44f"},
    {file = "ujson-4.0.0-cp39-cp39-win_amd64.whl", hash = "sha256:85bc0dabbbef1e9cfb155bad97e796371337bc24d32b67f181a111c6ed2153f3"},
    {file = "ujson-4.0.0.tar.gz", hash = "sha256:dba37ad41906d7f9ff52deeb729b9add7e305b94673b41979e9a6c5914083aa8"},
]
uvloop = [
    {file = "uvloop-0.14.0-cp35-cp35m-macosx_10_11_x86_64.whl", hash = "sha256:08b109f0213af392150e2fe6f81d33261bb5ce968a288eb698aad4f46eb711bd"},
    {file = "uvloop-0.14.0-cp35-cp35m-manylinux2010_x86_64.whl", hash = "sha256:4544dcf77d74f3a84f03dd6278174575c44c67d7165d4c42c71db3fdc3860726"},
    {file = "uvloop-0.14.0-cp36-cp36m-macosx_10_11_x86_64.whl", hash = "sha256:b4f591aa4b3fa7f32fb51e2ee9fea1b495eb75b0b3c8d0ca52514ad675ae63f7"},
    {file = "uvloop-0.14.0-cp36-cp36m-manylinux2010_x86_64.whl", hash = "sha256:f07909cd9fc08c52d294b1570bba92186181ca01fe3dc9ffba68955273dd7362"},
    {file = "uvloop-0.14.0-cp37-cp37m-macosx_10_11_x86_64.whl", hash = "sha256:afd5513c0ae414ec71d24f6f123614a80f3d27ca655a4fcf6cabe50994cc1891"},
    {file = "uvloop-0.14.0-cp37-cp37m-manylinux2010_x86_64.whl", hash = "sha256:e7514d7a48c063226b7d06617cbb12a14278d4323a065a8d46a7962686ce2e95"},
    {file = "uvloop-0.14.0-cp38-cp38-macosx_10_11_x86_64.whl", hash = "sha256:bcac356d62edd330080aed082e78d4b580ff260a677508718f88016333e2c9c5"},
    {file = "uvloop-0.14.0-cp38-cp38-manylinux2010_x86_64.whl", hash = "sha256:4315d2ec3ca393dd5bc0b0089d23101276778c304d42faff5dc4579cb6caef09"},
    {file = "uvloop-0.14.0.tar.gz", hash = "sha256:123ac9c0c7dd71464f58f1b4ee0bbd81285d96cdda8bc3519281b8973e3a461e"},
]
websockets = [
    {file = "websockets-8.1-cp36-cp36m-macosx_10_6_intel.whl", hash = "sha256:3762791ab8b38948f0c4d281c8b2ddfa99b7e510e46bd8dfa942a5fff621068c"},
    {file = "websockets-8.1-cp36-cp36m-manylinux1_i686.whl", hash = "sha256:3db87421956f1b0779a7564915875ba774295cc86e81bc671631379371af1170"},
    {file = "websockets-8.1-cp36-cp36m-manylinux1_x86_64.whl", hash = "sha256:4f9f7d28ce1d8f1295717c2c25b732c2bc0645db3215cf757551c392177d7cb8"},
    {file = "websockets-8.1-cp36-cp36m-manylinux2010_i686.whl", hash = "sha256:295359a2cc78736737dd88c343cd0747546b2174b5e1adc223824bcaf3e164cb"},
    {file = "websockets-8.1-cp36-cp36m-manylinux2010_x86_64.whl", hash = "sha256:1d3f1bf059d04a4e0eb4985a887d49195e15ebabc42364f4eb564b1d065793f5"},
    {file = "websockets-8.1-cp36-cp36m-win32.whl", hash = "sha256:2db62a9142e88535038a6bcfea70ef9447696ea77891aebb730a333a51ed559a"},
    {file = "websockets-8.1-cp36-cp36m-win_amd64.whl", hash = "sha256:0e4fb4de42701340bd2353bb2eee45314651caa6ccee80dbd5f5d5978888fed5"},
    {file = "websockets-8.1-cp37-cp37m-macosx_10_6_intel.whl", hash = "sha256:9b248ba3dd8a03b1a10b19efe7d4f7fa41d158fdaa95e2cf65af5a7b95a4f989"},
    {file = "websockets-8.1-cp37-cp37m-manylinux1_i686.whl", hash = "sha256:ce85b06a10fc65e6143518b96d3dca27b081a740bae261c2fb20375801a9d56d"},
    {file = "websockets-8.1-cp37-cp37m-manylinux1_x86_64.whl", hash = "sha256:965889d9f0e2a75edd81a07592d0ced54daa5b0785f57dc429c378edbcffe779"},
    {file = "websockets-8.1-cp37-cp37m-manylinux2010_i686.whl", hash = "sha256:751a556205d8245ff94aeef23546a1113b1dd4f6e4d102ded66c39b99c2ce6c8"},
    {file = "websockets-8.1-cp37-cp37m-manylinux2010_x86_64.whl", hash = "sha256:3ef56fcc7b1ff90de46ccd5a687bbd13a3180132268c4254fc0fa44ecf4fc422"},
    {file = "websockets-8.1-cp37-cp37m-win32.whl", hash = "sha256:7ff46d441db78241f4c6c27b3868c9ae71473fe03341340d2dfdbe8d79310acc"},
    {file = "websockets-8.1-cp37-cp37m-win_amd64.whl", hash = "sha256:20891f0dddade307ffddf593c733a3fdb6b83e6f9eef85908113e628fa5a8308"},
    {file = "websockets-8.1-cp38-cp38-macosx_10_9_x86_64.whl", hash = "sha256:c1ec8db4fac31850286b7cd3b9c0e1b944204668b8eb721674916d4e28744092"},
    {file = "websockets-8.1-cp38-cp38-manylinux1_i686.whl", hash = "sha256:5c01fd846263a75bc8a2b9542606927cfad57e7282965d96b93c387622487485"},
    {file = "websockets-8.1-cp38-cp38-manylinux1_x86_64.whl", hash = "sha256:9bef37ee224e104a413f0780e29adb3e514a5b698aabe0d969a6ba426b8435d1"},
    {file = "websockets-8.1-cp38-cp38-manylinux2010_i686.whl", hash = "sha256:d705f8aeecdf3262379644e4b55107a3b55860eb812b673b28d0fbc347a60c55"},
    {file = "websockets-8.1-cp38-cp38-manylinux2010_x86_64.whl", hash = "sha256:c8a116feafdb1f84607cb3b14aa1418424ae71fee131642fc568d21423b51824"},
    {file = "websockets-8.1-cp38-cp38-win32.whl", hash = "sha256:e898a0863421650f0bebac8ba40840fc02258ef4714cb7e1fd76b6a6354bda36"},
    {file = "websockets-8.1-cp38-cp38-win_amd64.whl", hash = "sha256:f8a7bff6e8664afc4e6c28b983845c5bc14965030e3fb98789734d416af77c4b"},
    {file = "websockets-8.1.tar.gz", hash = "sha256:5c65d2da8c6bce0fca2528f69f44b2f977e06954c8512a952222cea50dad430f"},
]
yarl = [
    {file = "yarl-1.6.0-cp35-cp35m-macosx_10_14_x86_64.whl", hash = "sha256:db9eb8307219d7e09b33bcb43287222ef35cbcf1586ba9472b0a4b833666ada1"},
    {file = "yarl-1.6.0-cp35-cp35m-manylinux1_x86_64.whl", hash = "sha256:e31fef4e7b68184545c3d68baec7074532e077bd1906b040ecfba659737df188"},
    {file = "yarl-1.6.0-cp35-cp35m-win32.whl", hash = "sha256:5d84cc36981eb5a8533be79d6c43454c8e6a39ee3118ceaadbd3c029ab2ee580"},
    {file = "yarl-1.6.0-cp35-cp35m-win_amd64.whl", hash = "sha256:5e447e7f3780f44f890360ea973418025e8c0cdcd7d6a1b221d952600fd945dc"},
    {file = "yarl-1.6.0-cp36-cp36m-macosx_10_14_x86_64.whl", hash = "sha256:6f6898429ec3c4cfbef12907047136fd7b9e81a6ee9f105b45505e633427330a"},
    {file = "yarl-1.6.0-cp36-cp36m-manylinux1_x86_64.whl", hash = "sha256:d088ea9319e49273f25b1c96a3763bf19a882cff774d1792ae6fba34bd40550a"},
    {file = "yarl-1.6.0-cp36-cp36m-win32.whl", hash = "sha256:b7c199d2cbaf892ba0f91ed36d12ff41ecd0dde46cbf64ff4bfe997a3ebc925e"},
    {file = "yarl-1.6.0-cp36-cp36m-win_amd64.whl", hash = "sha256:67c5ea0970da882eaf9efcf65b66792557c526f8e55f752194eff8ec722c75c2"},
    {file = "yarl-1.6.0-cp37-cp37m-macosx_10_14_x86_64.whl", hash = "sha256:04a54f126a0732af75e5edc9addeaa2113e2ca7c6fce8974a63549a70a25e50e"},
    {file = "yarl-1.6.0-cp37-cp37m-manylinux1_x86_64.whl", hash = "sha256:fcbe419805c9b20db9a51d33b942feddbf6e7fb468cb20686fd7089d4164c12a"},
    {file = "yarl-1.6.0-cp37-cp37m-win32.whl", hash = "sha256:c604998ab8115db802cc55cb1b91619b2831a6128a62ca7eea577fc8ea4d3131"},
    {file = "yarl-1.6.0-cp37-cp37m-win_amd64.whl", hash = "sha256:c22607421f49c0cb6ff3ed593a49b6a99c6ffdeaaa6c944cdda83c2393c8864d"},
    {file = "yarl-1.6.0-cp38-cp38-macosx_10_14_x86_64.whl", hash = "sha256:7ce35944e8e61927a8f4eb78f5bc5d1e6da6d40eadd77e3f79d4e9399e263921"},
    {file = "yarl-1.6.0-cp38-cp38-manylinux1_x86_64.whl", hash = "sha256:c15d71a640fb1f8e98a1423f9c64d7f1f6a3a168f803042eaf3a5b5022fde0c1"},
    {file = "yarl-1.6.0-cp38-cp38-win32.whl", hash = "sha256:3cc860d72ed989f3b1f3abbd6ecf38e412de722fb38b8f1b1a086315cf0d69c5"},
    {file = "yarl-1.6.0-cp38-cp38-win_amd64.whl", hash = "sha256:e32f0fb443afcfe7f01f95172b66f279938fbc6bdaebe294b0ff6747fb6db020"},
    {file = "yarl-1.6.0.tar.gz", hash = "sha256:61d3ea3c175fe45f1498af868879c6ffeb989d4143ac542163c45538ba5ec21b"},
]
